
Microsoft Visual Studio Solution File, Format Version 12.00
# Visual Studio 15
VisualStudioVersion = 15.0.26124.0
MinimumVisualStudioVersion = 15.0.26124.0
Project("{FAE04EC0-301F-11D3-BF4B-00C04F79EFBC}") = "ConnOe.Data", "ConnOe.Data\ConnOe.Data.csproj", "{7E16613A-82BC-42D8-81E2-87CB07AD9EE5}"
EndProject
Project("{FAE04EC0-301F-11D3-BF4B-00C04F79EFBC}") = "ConnOe.Services", "ConnOe.Services\ConnOe.Services.csproj", "{D56E1383-38C4-4E57-B029-2898D05186BB}"
EndProject
Project("{FAE04EC0-301F-11D3-BF4B-00C04F79EFBC}") = "ConnOe.Test", "ConnOe.Test\ConnOe.Test.csproj", "{6EB1AC60-58DB-4827-80E4-8C948589ADE8}"
EndProject
Project("{FAE04EC0-301F-11D3-BF4B-00C04F79EFBC}") = "ConnOe.Web", "ConnOe.Web\ConnOe.Web.csproj", "{0D414692-FBC1-4EC9-A748-00D9E661459C}"
EndProject
Global
	GlobalSection(SolutionConfigurationPlatforms) = preSolution
		Debug|Any CPU = Debug|Any CPU
		Debug|x64 = Debug|x64
		Debug|x86 = Debug|x86
		Release|Any CPU = Release|Any CPU
		Release|x64 = Release|x64
		Release|x86 = Release|x86
	EndGlobalSection
	GlobalSection(SolutionProperties) = preSolution
		HideSolutionNode = FALSE
	EndGlobalSection
	GlobalSection(ProjectConfigurationPlatforms) = postSolution
		{7E16613A-82BC-42D8-81E2-87CB07AD9EE5}.Debug|Any CPU.ActiveCfg = Debug|Any CPU
		{7E16613A-82BC-42D8-81E2-87CB07AD9EE5}.Debug|Any CPU.Build.0 = Debug|Any CPU
		{7E16613A-82BC-42D8-81E2-87CB07AD9EE5}.Debug|x64.ActiveCfg = Debug|Any CPU
		{7E16613A-82BC-42D8-81E2-87CB07AD9EE5}.Debug|x64.Build.0 = Debug|Any CPU
		{7E16613A-82BC-42D8-81E2-87CB07AD9EE5}.Debug|x86.ActiveCfg = Debug|Any CPU
		{7E16613A-82BC-42D8-81E2-87CB07AD9EE5}.Debug|x86.Build.0 = Debug|Any CPU
		{7E16613A-82BC-42D8-81E2-87CB07AD9EE5}.Release|Any CPU.ActiveCfg = Release|Any CPU
		{7E16613A-82BC-42D8-81E2-87CB07AD9EE5}.Release|Any CPU.Build.0 = Release|Any CPU
		{7E16613A-82BC-42D8-81E2-87CB07AD9EE5}.Release|x64.ActiveCfg = Release|Any CPU
		{7E16613A-82BC-42D8-81E2-87CB07AD9EE5}.Release|x64.Build.0 = Release|Any CPU
		{7E16613A-82BC-42D8-81E2-87CB07AD9EE5}.Release|x86.ActiveCfg = Release|Any CPU
		{7E16613A-82BC-42D8-81E2-87CB07AD9EE5}.Release|x86.Build.0 = Release|Any CPU
		{D56E1383-38C4-4E57-B029-2898D05186BB}.Debug|Any CPU.ActiveCfg = Debug|Any CPU
		{D56E1383-38C4-4E57-B029-2898D05186BB}.Debug|Any CPU.Build.0 = Debug|Any CPU
		{D56E1383-38C4-4E57-B029-2898D05186BB}.Debug|x64.ActiveCfg = Debug|Any CPU
		{D56E1383-38C4-4E57-B029-2898D05186BB}.Debug|x64.Build.0 = Debug|Any CPU
		{D56E1383-38C4-4E57-B029-2898D05186BB}.Debug|x86.ActiveCfg = Debug|Any CPU
		{D56E1383-38C4-4E57-B029-2898D05186BB}.Debug|x86.Build.0 = Debug|Any CPU
		{D56E1383-38C4-4E57-B029-2898D05186BB}.Release|Any CPU.ActiveCfg = Release|Any CPU
		{D56E1383-38C4-4E57-B029-2898D05186BB}.Release|Any CPU.Build.0 = Release|Any CPU
		{D56E1383-38C4-4E57-B029-2898D05186BB}.Release|x64.ActiveCfg = Release|Any CPU
		{D56E1383-38C4-4E57-B029-2898D05186BB}.Release|x64.Build.0 = Release|Any CPU
		{D56E1383-38C4-4E57-B029-2898D05186BB}.Release|x86.ActiveCfg = Release|Any CPU
		{D56E1383-38C4-4E57-B029-2898D05186BB}.Release|x86.Build.0 = Release|Any CPU
		{6EB1AC60-58DB-4827-80E4-8C948589ADE8}.Debug|Any CPU.ActiveCfg = Debug|Any CPU
		{6EB1AC60-58DB-4827-80E4-8C948589ADE8}.Debug|Any CPU.Build.0 = Debug|Any CPU
		{6EB1AC60-58DB-4827-80E4-8C948589ADE8}.Debug|x64.ActiveCfg = Debug|Any CPU
		{6EB1AC60-58DB-4827-80E4-8C948589ADE8}.Debug|x64.Build.0 = Debug|Any CPU
		{6EB1AC60-58DB-4827-80E4-8C948589ADE8}.Debug|x86.ActiveCfg = Debug|Any CPU
		{6EB1AC60-58DB-4827-80E4-8C948589ADE8}.Debug|x86.Build.0 = Debug|Any CPU
		{6EB1AC60-58DB-4827-80E4-8C948589ADE8}.Release|Any CPU.ActiveCfg = Release|Any CPU
		{6EB1AC60-58DB-4827-80E4-8C948589ADE8}.Release|Any CPU.Build.0 = Release|Any CPU
		{6EB1AC60-58DB-4827-80E4-8C948589ADE8}.Release|x64.ActiveCfg = Release|Any CPU
		{6EB1AC60-58DB-4827-80E4-8C948589ADE8}.Release|x64.Build.0 = Release|Any CPU
		{6EB1AC60-58DB-4827-80E4-8C948589ADE8}.Release|x86.ActiveCfg = Release|Any CPU
		{6EB1AC60-58DB-4827-80E4-8C948589ADE8}.Release|x86.Build.0 = Release|Any CPU
		{0D414692-FBC1-4EC9-A748-00D9E661459C}.Debug|Any CPU.ActiveCfg = Debug|Any CPU
		{0D414692-FBC1-4EC9-A748-00D9E661459C}.Debug|Any CPU.Build.0 = Debug|Any CPU
		{0D414692-FBC1-4EC9-A748-00D9E661459C}.Debug|x64.ActiveCfg = Debug|Any CPU
		{0D414692-FBC1-4EC9-A748-00D9E661459C}.Debug|x64.Build.0 = Debug|Any CPU
		{0D414692-FBC1-4EC9-A748-00D9E661459C}.Debug|x86.ActiveCfg = Debug|Any CPU
		{0D414692-FBC1-4EC9-A748-00D9E661459C}.Debug|x86.Build.0 = Debug|Any CPU
		{0D414692-FBC1-4EC9-A748-00D9E661459C}.Release|Any CPU.ActiveCfg = Release|Any CPU
		{0D414692-FBC1-4EC9-A748-00D9E661459C}.Release|Any CPU.Build.0 = Release|Any CPU
		{0D414692-FBC1-4EC9-A748-00D9E661459C}.Release|x64.ActiveCfg = Release|Any CPU
		{0D414692-FBC1-4EC9-A748-00D9E661459C}.Release|x64.Build.0 = Release|Any CPU
		{0D414692-FBC1-4EC9-A748-00D9E661459C}.Release|x86.ActiveCfg = Release|Any CPU
		{0D414692-FBC1-4EC9-A748-00D9E661459C}.Release|x86.Build.0 = Release|Any CPU
	EndGlobalSection
EndGlobal
